
Microsoft Visual Studio Solution File, Format Version 12.00
# Visual Studio Version 17
VisualStudioVersion = 17.7.34221.43
MinimumVisualStudioVersion = 10.0.40219.1
Project("{FAE04EC0-301F-11D3-BF4B-00C04F79EFBC}") = "Calculator", "Calculator\Calculator.csproj", "{2D01A703-6AFF-4C8C-92E3-3D56D66185E8}"
EndProject
Global
	GlobalSection(SolutionConfigurationPlatforms) = preSolution
		Debug|Any CPU = Debug|Any CPU
		Release|Any CPU = Release|Any CPU
	EndGlobalSection
	GlobalSection(ProjectConfigurationPlatforms) = postSolution
		{2D01A703-6AFF-4C8C-92E3-3D56D66185E8}.Debug|Any CPU.ActiveCfg = Debug|Any CPU
		{2D01A703-6AFF-4C8C-92E3-3D56D66185E8}.Debug|Any CPU.Build.0 = Debug|Any CPU
		{2D01A703-6AFF-4C8C-92E3-3D56D66185E8}.Release|Any CPU.ActiveCfg = Release|Any CPU
		{2D01A703-6AFF-4C8C-92E3-3D56D66185E8}.Release|Any CPU.Build.0 = Release|Any CPU
	EndGlobalSection
	GlobalSection(SolutionProperties) = preSolution
		HideSolutionNode = FALSE
	EndGlobalSection
	GlobalSection(ExtensibilityGlobals) = postSolution
		SolutionGuid = {83BEE0B5-16EB-4146-984C-2B4AC3628C46}
	EndGlobalSection
EndGlobal
